
Microsoft Visual Studio Solution File, Format Version 12.00
# Visual Studio Version 17
VisualStudioVersion = 17.14.36301.6 d17.14
MinimumVisualStudioVersion = 10.0.40219.1
Project("{FAE04EC0-301F-11D3-BF4B-00C04F79EFBC}") = "SpectreConsole.Demo", "SpectreConsole.Demo\SpectreConsole.Demo.csproj", "{E6472083-49CC-4005-B76C-88E18EA22181}"
EndProject
Project("{FAE04EC0-301F-11D3-BF4B-00C04F79EFBC}") = "SpectreConsoleDI.Demo", "SpectreConsoleDI.Demo\SpectreConsoleDI.Demo.csproj", "{01A51D90-425D-443E-B905-A3FB359A42F0}"
EndProject
Project("{2150E333-8FDC-42A3-9474-1A3956D46DE8}") = "Solution Items", "Solution Items", "{8EC462FD-D22E-90A8-E5CE-7E832BA40C5D}"
	ProjectSection(SolutionItems) = preProject
		Directory.Build.props = Directory.Build.props
		Directory.Packages.props = Directory.Packages.props
	EndProjectSection
EndProject
Global
	GlobalSection(SolutionConfigurationPlatforms) = preSolution
		Debug|Any CPU = Debug|Any CPU
		Release|Any CPU = Release|Any CPU
	EndGlobalSection
	GlobalSection(ProjectConfigurationPlatforms) = postSolution
		{E6472083-49CC-4005-B76C-88E18EA22181}.Debug|Any CPU.ActiveCfg = Debug|Any CPU
		{E6472083-49CC-4005-B76C-88E18EA22181}.Debug|Any CPU.Build.0 = Debug|Any CPU
		{E6472083-49CC-4005-B76C-88E18EA22181}.Release|Any CPU.ActiveCfg = Release|Any CPU
		{E6472083-49CC-4005-B76C-88E18EA22181}.Release|Any CPU.Build.0 = Release|Any CPU
		{01A51D90-425D-443E-B905-A3FB359A42F0}.Debug|Any CPU.ActiveCfg = Debug|Any CPU
		{01A51D90-425D-443E-B905-A3FB359A42F0}.Debug|Any CPU.Build.0 = Debug|Any CPU
		{01A51D90-425D-443E-B905-A3FB359A42F0}.Release|Any CPU.ActiveCfg = Release|Any CPU
		{01A51D90-425D-443E-B905-A3FB359A42F0}.Release|Any CPU.Build.0 = Release|Any CPU
	EndGlobalSection
	GlobalSection(SolutionProperties) = preSolution
		HideSolutionNode = FALSE
	EndGlobalSection
	GlobalSection(ExtensibilityGlobals) = postSolution
		SolutionGuid = {9ACE4781-B154-487C-B5D5-B30D26DA534B}
	EndGlobalSection
EndGlobal
